
Microsoft Visual Studio Solution File, Format Version 12.00
# Visual Studio Version 16
VisualStudioVersion = 16.0.30204.135
MinimumVisualStudioVersion = 10.0.40219.1
Project("{FAE04EC0-301F-11D3-BF4B-00C04F79EFBC}") = "TutoringPortal.APIs.Teachers", "MaddieAndMatt.TutoringPortal.APIs.Teachers\TutoringPortal.APIs.Teachers.csproj", "{42798EDA-FE5F-4BB1-BA34-993660610117}"
EndProject
Project("{2150E333-8FDC-42A3-9474-1A3956D46DE8}") = "Solution Items", "Solution Items", "{B465812D-C650-4711-8BA1-1DE5CA80681F}"
	ProjectSection(SolutionItems) = preProject
		.editorconfig = .editorconfig
	EndProjectSection
EndProject
Global
	GlobalSection(SolutionConfigurationPlatforms) = preSolution
		Debug|Any CPU = Debug|Any CPU
		Release|Any CPU = Release|Any CPU
	EndGlobalSection
	GlobalSection(ProjectConfigurationPlatforms) = postSolution
		{42798EDA-FE5F-4BB1-BA34-993660610117}.Debug|Any CPU.ActiveCfg = Debug|Any CPU
		{42798EDA-FE5F-4BB1-BA34-993660610117}.Debug|Any CPU.Build.0 = Debug|Any CPU
		{42798EDA-FE5F-4BB1-BA34-993660610117}.Release|Any CPU.ActiveCfg = Release|Any CPU
		{42798EDA-FE5F-4BB1-BA34-993660610117}.Release|Any CPU.Build.0 = Release|Any CPU
	EndGlobalSection
	GlobalSection(SolutionProperties) = preSolution
		HideSolutionNode = FALSE
	EndGlobalSection
	GlobalSection(ExtensibilityGlobals) = postSolution
		SolutionGuid = {D2C093FD-5937-45F4-B59D-0B7FB07E08D5}
	EndGlobalSection
EndGlobal
